# generated by rye
# use `rye lock` or `rye sync` to update this lockfile
#
# last locked with the following flags:
#   pre: false
#   features: []
#   all-features: false
#   with-sources: false
#   generate-hashes: false
#   universal: false

-e file:.
certifi==2024.8.30
    # via requests
charset-normalizer==3.3.2
    # via requests
click==8.1.7
    # via typer
colorama==0.4.6
    # via click
idna==3.10
    # via requests
markdown-it-py==3.0.0
    # via rich
mdurl==0.1.2
    # via markdown-it-py
numpy==2.1.1
    # via opencv-python
opencv-python==4.10.0.84
    # via xpic
pillow==10.4.0
    # via xpic
pygments==2.18.0
    # via rich
pyside6==6.7.2
    # via xpic
pyside6-addons==6.7.2
    # via pyside6
pyside6-essentials==6.7.2
    # via pyside6
    # via pyside6-addons
requests==2.32.3
    # via xpic
rich==13.8.1
    # via typer
    # via xpic
shellingham==1.5.4
    # via typer
shiboken6==6.7.2
    # via pyside6
    # via pyside6-addons
    # via pyside6-essentials
typer==0.12.5
    # via xpic
typing-extensions==4.12.2
    # via typer
urllib3==2.2.3
    # via requests
win32mica==3.0
    # via xpic
